
Microsoft Visual Studio Solution File, Format Version 12.00
# Visual Studio 15
VisualStudioVersion = 15.0.26730.16
MinimumVisualStudioVersion = 10.0.40219.1
Project("{FAE04EC0-301F-11D3-BF4B-00C04F79EFBC}") = "MoviesRepositoryStorage", "MoviesRepositoryStorage\MoviesRepositoryStorage.csproj", "{0E6B3133-2815-45A3-ACF9-D0FA298EB613}"
EndProject
Project("{FAE04EC0-301F-11D3-BF4B-00C04F79EFBC}") = "RepositoryTest", "RepositoryTest\RepositoryTest.csproj", "{2A82763F-D06C-416E-B25C-3498A3F31FE7}"
EndProject
Project("{FAE04EC0-301F-11D3-BF4B-00C04F79EFBC}") = "WebAppTest", "WebAppTest\WebAppTest.csproj", "{569E81C4-8530-44C5-9F13-B7E40BDA762B}"
EndProject
Global
	GlobalSection(SolutionConfigurationPlatforms) = preSolution
		Debug|Any CPU = Debug|Any CPU
		Release|Any CPU = Release|Any CPU
	EndGlobalSection
	GlobalSection(ProjectConfigurationPlatforms) = postSolution
		{0E6B3133-2815-45A3-ACF9-D0FA298EB613}.Debug|Any CPU.ActiveCfg = Debug|Any CPU
		{0E6B3133-2815-45A3-ACF9-D0FA298EB613}.Debug|Any CPU.Build.0 = Debug|Any CPU
		{0E6B3133-2815-45A3-ACF9-D0FA298EB613}.Release|Any CPU.ActiveCfg = Release|Any CPU
		{0E6B3133-2815-45A3-ACF9-D0FA298EB613}.Release|Any CPU.Build.0 = Release|Any CPU
		{2A82763F-D06C-416E-B25C-3498A3F31FE7}.Debug|Any CPU.ActiveCfg = Debug|Any CPU
		{2A82763F-D06C-416E-B25C-3498A3F31FE7}.Debug|Any CPU.Build.0 = Debug|Any CPU
		{2A82763F-D06C-416E-B25C-3498A3F31FE7}.Release|Any CPU.ActiveCfg = Release|Any CPU
		{2A82763F-D06C-416E-B25C-3498A3F31FE7}.Release|Any CPU.Build.0 = Release|Any CPU
		{569E81C4-8530-44C5-9F13-B7E40BDA762B}.Debug|Any CPU.ActiveCfg = Debug|Any CPU
		{569E81C4-8530-44C5-9F13-B7E40BDA762B}.Debug|Any CPU.Build.0 = Debug|Any CPU
		{569E81C4-8530-44C5-9F13-B7E40BDA762B}.Release|Any CPU.ActiveCfg = Release|Any CPU
		{569E81C4-8530-44C5-9F13-B7E40BDA762B}.Release|Any CPU.Build.0 = Release|Any CPU
	EndGlobalSection
	GlobalSection(SolutionProperties) = preSolution
		HideSolutionNode = FALSE
	EndGlobalSection
	GlobalSection(ExtensibilityGlobals) = postSolution
		SolutionGuid = {3FB96AE4-41AF-402E-B7E3-1F57B308371D}
	EndGlobalSection
EndGlobal
